
Microsoft Visual Studio Solution File, Format Version 12.00
# Visual Studio Version 17
VisualStudioVersion = 17.0.32112.339
MinimumVisualStudioVersion = 10.0.40219.1
Project("{FAE04EC0-301F-11D3-BF4B-00C04F79EFBC}") = "Assignment3", "Assignment3\Assignment3.csproj", "{9F626C08-80F6-461A-8779-F4D6C3F7C446}"
EndProject
Global
	GlobalSection(SolutionConfigurationPlatforms) = preSolution
		Debug|Any CPU = Debug|Any CPU
		Release|Any CPU = Release|Any CPU
	EndGlobalSection
	GlobalSection(ProjectConfigurationPlatforms) = postSolution
		{9F626C08-80F6-461A-8779-F4D6C3F7C446}.Debug|Any CPU.ActiveCfg = Debug|Any CPU
		{9F626C08-80F6-461A-8779-F4D6C3F7C446}.Debug|Any CPU.Build.0 = Debug|Any CPU
		{9F626C08-80F6-461A-8779-F4D6C3F7C446}.Release|Any CPU.ActiveCfg = Release|Any CPU
		{9F626C08-80F6-461A-8779-F4D6C3F7C446}.Release|Any CPU.Build.0 = Release|Any CPU
	EndGlobalSection
	GlobalSection(SolutionProperties) = preSolution
		HideSolutionNode = FALSE
	EndGlobalSection
	GlobalSection(ExtensibilityGlobals) = postSolution
		SolutionGuid = {BECCA08D-38A0-492D-95A9-0074B8860EB6}
	EndGlobalSection
EndGlobal
